
Microsoft Visual Studio Solution File, Format Version 12.00
# Visual Studio Version 16
VisualStudioVersion = 16.0.37530.7
MinimumVisualStudioVersion = 10.0.40219.1
Project("{9A19103F-16F7-4668-BE54-9A1E7A4F7556}") = "SSITechnicalAssessment", "SSITechnicalAssessment\SSITechnicalAssessment.csproj", "{614DAB5E-C41E-4790-A9B0-81FC83DE866F}"
EndProject
Project("{9A19103F-16F7-4668-BE54-9A1E7A4F7556}") = "SSITechnicalAssessment.Tests", "SSITechnicalAssessment.Tests\SSITechnicalAssessment.Tests.csproj", "{60666E60-ADFC-468E-AAF0-F36A1FCD48AF}"
EndProject
Project("{9A19103F-16F7-4668-BE54-9A1E7A4F7556}") = "SSITechnicalAssessment.WebApp", "SSITechnicalAssessment.WebApp\SSITechnicalAssessment.WebApp.csproj", "{C3D0DB6E-E2F4-4F39-BB77-D814B48C9B65}"
EndProject
Project("{9A19103F-16F7-4668-BE54-9A1E7A4F7556}") = "SSITechnicalAssessment.Shared", "SSITechnicalAssessment.Shared\SSITechnicalAssessment.Shared.csproj", "{8D6898EA-EC09-4738-A6CB-8CA7D1AD5BA0}"
EndProject
Project("{2150E333-8FDC-42A3-9474-1A3956D46DE8}") = "db", "db", "{774704A1-DEC0-45BE-BBAB-4D3D19A46DF6}"
	ProjectSection(SolutionItems) = preProject
		CreateTables.sql = CreateTables.sql
	EndProjectSection
EndProject
Project("{2150E333-8FDC-42A3-9474-1A3956D46DE8}") = "README", "README", "{88085446-84B2-44FF-8CD3-24DFFC9AE0C9}"
	ProjectSection(SolutionItems) = preProject
		README.md = README.md
	EndProjectSection
EndProject
Global
	GlobalSection(SolutionConfigurationPlatforms) = preSolution
		Debug|Any CPU = Debug|Any CPU
		Release|Any CPU = Release|Any CPU
	EndGlobalSection
	GlobalSection(ProjectConfigurationPlatforms) = postSolution
		{614DAB5E-C41E-4790-A9B0-81FC83DE866F}.Debug|Any CPU.ActiveCfg = Debug|Any CPU
		{614DAB5E-C41E-4790-A9B0-81FC83DE866F}.Debug|Any CPU.Build.0 = Debug|Any CPU
		{614DAB5E-C41E-4790-A9B0-81FC83DE866F}.Release|Any CPU.ActiveCfg = Release|Any CPU
		{614DAB5E-C41E-4790-A9B0-81FC83DE866F}.Release|Any CPU.Build.0 = Release|Any CPU
		{60666E60-ADFC-468E-AAF0-F36A1FCD48AF}.Debug|Any CPU.ActiveCfg = Debug|Any CPU
		{60666E60-ADFC-468E-AAF0-F36A1FCD48AF}.Debug|Any CPU.Build.0 = Debug|Any CPU
		{60666E60-ADFC-468E-AAF0-F36A1FCD48AF}.Release|Any CPU.ActiveCfg = Release|Any CPU
		{60666E60-ADFC-468E-AAF0-F36A1FCD48AF}.Release|Any CPU.Build.0 = Release|Any CPU
		{C3D0DB6E-E2F4-4F39-BB77-D814B48C9B65}.Debug|Any CPU.ActiveCfg = Debug|Any CPU
		{C3D0DB6E-E2F4-4F39-BB77-D814B48C9B65}.Debug|Any CPU.Build.0 = Debug|Any CPU
		{C3D0DB6E-E2F4-4F39-BB77-D814B48C9B65}.Release|Any CPU.ActiveCfg = Release|Any CPU
		{C3D0DB6E-E2F4-4F39-BB77-D814B48C9B65}.Release|Any CPU.Build.0 = Release|Any CPU
		{8D6898EA-EC09-4738-A6CB-8CA7D1AD5BA0}.Debug|Any CPU.ActiveCfg = Debug|Any CPU
		{8D6898EA-EC09-4738-A6CB-8CA7D1AD5BA0}.Debug|Any CPU.Build.0 = Debug|Any CPU
		{8D6898EA-EC09-4738-A6CB-8CA7D1AD5BA0}.Release|Any CPU.ActiveCfg = Release|Any CPU
		{8D6898EA-EC09-4738-A6CB-8CA7D1AD5BA0}.Release|Any CPU.Build.0 = Release|Any CPU
	EndGlobalSection
	GlobalSection(SolutionProperties) = preSolution
		HideSolutionNode = FALSE
	EndGlobalSection
	GlobalSection(ExtensibilityGlobals) = postSolution
		SolutionGuid = {08F23953-34B6-4FE1-9718-C8E18154961E}
	EndGlobalSection
EndGlobal
